
Microsoft Visual Studio Solution File, Format Version 12.00
# Visual Studio 15
VisualStudioVersion = 15.0.26127.0
MinimumVisualStudioVersion = 10.0.40219.1
Project("{FAE04EC0-301F-11D3-BF4B-00C04F79EFBC}") = "DemoWebApp", "DemoWebApp\DemoWebApp.csproj", "{F7C33143-6D78-4BBE-A476-E578C469FBBE}"
EndProject
Project("{FAE04EC0-301F-11D3-BF4B-00C04F79EFBC}") = "DemoWebJob", "DemoWebJob\DemoWebJob.csproj", "{7DDBC327-C386-46DB-A449-B237FA759CCC}"
EndProject
Global
	GlobalSection(SolutionConfigurationPlatforms) = preSolution
		Debug|Any CPU = Debug|Any CPU
		Release|Any CPU = Release|Any CPU
	EndGlobalSection
	GlobalSection(ProjectConfigurationPlatforms) = postSolution
		{F7C33143-6D78-4BBE-A476-E578C469FBBE}.Debug|Any CPU.ActiveCfg = Debug|Any CPU
		{F7C33143-6D78-4BBE-A476-E578C469FBBE}.Debug|Any CPU.Build.0 = Debug|Any CPU
		{F7C33143-6D78-4BBE-A476-E578C469FBBE}.Release|Any CPU.ActiveCfg = Release|Any CPU
		{F7C33143-6D78-4BBE-A476-E578C469FBBE}.Release|Any CPU.Build.0 = Release|Any CPU
		{7DDBC327-C386-46DB-A449-B237FA759CCC}.Debug|Any CPU.ActiveCfg = Debug|Any CPU
		{7DDBC327-C386-46DB-A449-B237FA759CCC}.Debug|Any CPU.Build.0 = Debug|Any CPU
		{7DDBC327-C386-46DB-A449-B237FA759CCC}.Release|Any CPU.ActiveCfg = Release|Any CPU
		{7DDBC327-C386-46DB-A449-B237FA759CCC}.Release|Any CPU.Build.0 = Release|Any CPU
	EndGlobalSection
	GlobalSection(SolutionProperties) = preSolution
		HideSolutionNode = FALSE
	EndGlobalSection
EndGlobal
